
Microsoft Visual Studio Solution File, Format Version 12.00
# Visual Studio Version 16
VisualStudioVersion = 16.0.31624.102
MinimumVisualStudioVersion = 10.0.40219.1
Project("{FAE04EC0-301F-11D3-BF4B-00C04F79EFBC}") = "RestaurantReviewer.App", "RestaurantReviewer.App\RestaurantReviewer.App.csproj", "{C678865B-EF8D-4F3B-B0D1-7897295E4537}"
EndProject
Project("{FAE04EC0-301F-11D3-BF4B-00C04F79EFBC}") = "RestaurantReviewer.Domain", "RestaurantReviewer.Domain\RestaurantReviewer.Domain.csproj", "{A78B92A4-FB2D-4DCB-A799-FB05920154AF}"
EndProject
Project("{FAE04EC0-301F-11D3-BF4B-00C04F79EFBC}") = "RestaurantReviewer.DataAccess", "RestaurantReviewer.DataAccess\RestaurantReviewer.DataAccess.csproj", "{2061D2F4-AB26-46DE-813C-CC4634C653BC}"
EndProject
Global
	GlobalSection(SolutionConfigurationPlatforms) = preSolution
		Debug|Any CPU = Debug|Any CPU
		Release|Any CPU = Release|Any CPU
	EndGlobalSection
	GlobalSection(ProjectConfigurationPlatforms) = postSolution
		{C678865B-EF8D-4F3B-B0D1-7897295E4537}.Debug|Any CPU.ActiveCfg = Debug|Any CPU
		{C678865B-EF8D-4F3B-B0D1-7897295E4537}.Debug|Any CPU.Build.0 = Debug|Any CPU
		{C678865B-EF8D-4F3B-B0D1-7897295E4537}.Release|Any CPU.ActiveCfg = Release|Any CPU
		{C678865B-EF8D-4F3B-B0D1-7897295E4537}.Release|Any CPU.Build.0 = Release|Any CPU
		{A78B92A4-FB2D-4DCB-A799-FB05920154AF}.Debug|Any CPU.ActiveCfg = Debug|Any CPU
		{A78B92A4-FB2D-4DCB-A799-FB05920154AF}.Debug|Any CPU.Build.0 = Debug|Any CPU
		{A78B92A4-FB2D-4DCB-A799-FB05920154AF}.Release|Any CPU.ActiveCfg = Release|Any CPU
		{A78B92A4-FB2D-4DCB-A799-FB05920154AF}.Release|Any CPU.Build.0 = Release|Any CPU
		{2061D2F4-AB26-46DE-813C-CC4634C653BC}.Debug|Any CPU.ActiveCfg = Debug|Any CPU
		{2061D2F4-AB26-46DE-813C-CC4634C653BC}.Debug|Any CPU.Build.0 = Debug|Any CPU
		{2061D2F4-AB26-46DE-813C-CC4634C653BC}.Release|Any CPU.ActiveCfg = Release|Any CPU
		{2061D2F4-AB26-46DE-813C-CC4634C653BC}.Release|Any CPU.Build.0 = Release|Any CPU
	EndGlobalSection
	GlobalSection(SolutionProperties) = preSolution
		HideSolutionNode = FALSE
	EndGlobalSection
	GlobalSection(ExtensibilityGlobals) = postSolution
		SolutionGuid = {8D48F283-C865-4E36-A42E-AA0273D4F20D}
	EndGlobalSection
EndGlobal
